// !$*UTF8*$!
{
	archiveVersion = 1;
	classes = {
	};
	objectVersion = 46;
	objects = {

/* Begin PBXBuildFile section */
		931943181B58BD240002F1BD /* deadParticle.sks in Resources */ = {isa = PBXBuildFile; fileRef = 931943171B58BD240002F1BD /* deadParticle.sks */; };
		9319431A1B58DB740002F1BD /* SMItemNode.swift in Sources */ = {isa = PBXBuildFile; fileRef = 931943191B58DB740002F1BD /* SMItemNode.swift */; };
		9319431C1B5F5C790002F1BD /* ItemType.swift in Sources */ = {isa = PBXBuildFile; fileRef = 9319431B1B5F5C790002F1BD /* ItemType.swift */; };
		9319431E1B5F724E0002F1BD /* SMItemFactory.swift in Sources */ = {isa = PBXBuildFile; fileRef = 9319431D1B5F724E0002F1BD /* SMItemFactory.swift */; };
		931943201B661B690002F1BD /* iAd.framework in Frameworks */ = {isa = PBXBuildFile; fileRef = 9319431F1B661B690002F1BD /* iAd.framework */; };
		9356C1DC1B4D00410073EBF8 /* MyParticle.sks in Resources */ = {isa = PBXBuildFile; fileRef = 9356C1DA1B4D00410073EBF8 /* MyParticle.sks */; };
		9356C1DD1B4D00410073EBF8 /* spark.png in Resources */ = {isa = PBXBuildFile; fileRef = 9356C1DB1B4D00410073EBF8 /* spark.png */; };
		9356C1DF1B4D05000073EBF8 /* ice1.png in Resources */ = {isa = PBXBuildFile; fileRef = 9356C1DE1B4D05000073EBF8 /* ice1.png */; };
		935D90901B6F2D680098A2FF /* Images.xcassets in Resources */ = {isa = PBXBuildFile; fileRef = 935D908F1B6F2D680098A2FF /* Images.xcassets */; };
		937056CA1B4E0991009BBAC2 /* playerParticle.sks in Resources */ = {isa = PBXBuildFile; fileRef = 937056C91B4E0991009BBAC2 /* playerParticle.sks */; };
		937056CC1B4F63A0009BBAC2 /* sparkParticle.sks in Resources */ = {isa = PBXBuildFile; fileRef = 937056CB1B4F63A0009BBAC2 /* sparkParticle.sks */; };
		937056CE1B4F75D9009BBAC2 /* SMPlayerNode.swift in Sources */ = {isa = PBXBuildFile; fileRef = 937056CD1B4F75D9009BBAC2 /* SMPlayerNode.swift */; };
		937056D01B4F7F56009BBAC2 /* ColliderType.swift in Sources */ = {isa = PBXBuildFile; fileRef = 937056CF1B4F7F56009BBAC2 /* ColliderType.swift */; };
		937056D21B4F8398009BBAC2 /* SwordType.swift in Sources */ = {isa = PBXBuildFile; fileRef = 937056D11B4F8398009BBAC2 /* SwordType.swift */; };
		937056D41B4F8A1F009BBAC2 /* SMNodeUtil.swift in Sources */ = {isa = PBXBuildFile; fileRef = 937056D31B4F8A1F009BBAC2 /* SMNodeUtil.swift */; };
		937056D61B4FA28E009BBAC2 /* SMAnimationUtil.swift in Sources */ = {isa = PBXBuildFile; fileRef = 937056D51B4FA28E009BBAC2 /* SMAnimationUtil.swift */; };
		937056D81B4FA89B009BBAC2 /* EnemyType.swift in Sources */ = {isa = PBXBuildFile; fileRef = 937056D71B4FA89B009BBAC2 /* EnemyType.swift */; };
		937056DA1B4FA933009BBAC2 /* SMSwordNode.swift in Sources */ = {isa = PBXBuildFile; fileRef = 937056D91B4FA933009BBAC2 /* SMSwordNode.swift */; };
		937056DC1B4FB750009BBAC2 /* hitParticle.sks in Resources */ = {isa = PBXBuildFile; fileRef = 937056DB1B4FB750009BBAC2 /* hitParticle.sks */; };
		93D1D79C1B513933000EC266 /* magic_circle.mp3 in Resources */ = {isa = PBXBuildFile; fileRef = 93D1D7961B513933000EC266 /* magic_circle.mp3 */; };
		93D1D79D1B513933000EC266 /* nagarebosi.mp3 in Resources */ = {isa = PBXBuildFile; fileRef = 93D1D7971B513933000EC266 /* nagarebosi.mp3 */; };
		93D1D79E1B513933000EC266 /* hit.mp3 in Resources */ = {isa = PBXBuildFile; fileRef = 93D1D7981B513933000EC266 /* hit.mp3 */; };
		93D1D79F1B513933000EC266 /* kiru.mp3 in Resources */ = {isa = PBXBuildFile; fileRef = 93D1D7991B513933000EC266 /* kiru.mp3 */; };
		93D1D7A01B513933000EC266 /* sasaru.mp3 in Resources */ = {isa = PBXBuildFile; fileRef = 93D1D79A1B513933000EC266 /* sasaru.mp3 */; };
		93D1D7A11B513933000EC266 /* explode.mp3 in Resources */ = {isa = PBXBuildFile; fileRef = 93D1D79B1B513933000EC266 /* explode.mp3 */; };
		93D1D7A31B522AB4000EC266 /* CoreMotion.framework in Frameworks */ = {isa = PBXBuildFile; fileRef = 93D1D7A21B522AB4000EC266 /* CoreMotion.framework */; };
		93D1D7A51B523CCF000EC266 /* SMEnemyNode.swift in Sources */ = {isa = PBXBuildFile; fileRef = 93D1D7A41B523CCF000EC266 /* SMEnemyNode.swift */; };
		93D1D7A71B525250000EC266 /* SMEnemyCube.swift in Sources */ = {isa = PBXBuildFile; fileRef = 93D1D7A61B525250000EC266 /* SMEnemyCube.swift */; };
		93D1D7A91B5345F5000EC266 /* SMStage.swift in Sources */ = {isa = PBXBuildFile; fileRef = 93D1D7A81B5345F5000EC266 /* SMStage.swift */; };
		93D1D7AB1B534BA4000EC266 /* SMEnemyGroup.swift in Sources */ = {isa = PBXBuildFile; fileRef = 93D1D7AA1B534BA4000EC266 /* SMEnemyGroup.swift */; };
		93D1D7AD1B534F5D000EC266 /* SMStageManage.swift in Sources */ = {isa = PBXBuildFile; fileRef = 93D1D7AC1B534F5D000EC266 /* SMStageManage.swift */; };
		93D1D7AF1B538DC6000EC266 /* SMSwordFactory.swift in Sources */ = {isa = PBXBuildFile; fileRef = 93D1D7AE1B538DC6000EC266 /* SMSwordFactory.swift */; };
		93D1D7B11B538FE3000EC266 /* SMEnemyFactory.swift in Sources */ = {isa = PBXBuildFile; fileRef = 93D1D7B01B538FE3000EC266 /* SMEnemyFactory.swift */; };
		93D1D7B31B539097000EC266 /* SMStageFactory.swift in Sources */ = {isa = PBXBuildFile; fileRef = 93D1D7B21B539097000EC266 /* SMStageFactory.swift */; };
		93D1D7B51B54B450000EC266 /* SMEnemyGroupDelegate.swift in Sources */ = {isa = PBXBuildFile; fileRef = 93D1D7B41B54B450000EC266 /* SMEnemyGroupDelegate.swift */; };
		93D1D7B71B54BCD7000EC266 /* EnemyGroupType.swift in Sources */ = {isa = PBXBuildFile; fileRef = 93D1D7B61B54BCD7000EC266 /* EnemyGroupType.swift */; };
		93D1D7B91B54C57A000EC266 /* SMEnemyDelegate.swift in Sources */ = {isa = PBXBuildFile; fileRef = 93D1D7B81B54C57A000EC266 /* SMEnemyDelegate.swift */; };
		93D1D7BB1B54E240000EC266 /* SMEnemyFly.swift in Sources */ = {isa = PBXBuildFile; fileRef = 93D1D7BA1B54E240000EC266 /* SMEnemyFly.swift */; };
		93D1D7BD1B55F228000EC266 /* bosssound1.mp3 in Resources */ = {isa = PBXBuildFile; fileRef = 93D1D7BC1B55F228000EC266 /* bosssound1.mp3 */; };
		93D1D7BF1B55F37E000EC266 /* SMEnemyBoss1.swift in Sources */ = {isa = PBXBuildFile; fileRef = 93D1D7BE1B55F37E000EC266 /* SMEnemyBoss1.swift */; };
		93D1D7C11B563B01000EC266 /* swordmaster.png in Resources */ = {isa = PBXBuildFile; fileRef = 93D1D7C01B563B01000EC266 /* swordmaster.png */; };
		93D1D7C51B57458E000EC266 /* GameTitleScene.swift in Sources */ = {isa = PBXBuildFile; fileRef = 93D1D7C41B57458E000EC266 /* GameTitleScene.swift */; };
		93D1D7CA1B57558B000EC266 /* titleParticle.sks in Resources */ = {isa = PBXBuildFile; fileRef = 93D1D7C81B57558B000EC266 /* titleParticle.sks */; };
		93D1D7CB1B57558B000EC266 /* spark.png in Resources */ = {isa = PBXBuildFile; fileRef = 93D1D7C91B57558B000EC266 /* spark.png */; };
		93D1D7CD1B5782B8000EC266 /* SMEnegyNode.swift in Sources */ = {isa = PBXBuildFile; fileRef = 93D1D7CC1B5782B8000EC266 /* SMEnegyNode.swift */; };
		93D1D7CF1B578526000EC266 /* SMEnegyFactory.swift in Sources */ = {isa = PBXBuildFile; fileRef = 93D1D7CE1B578526000EC266 /* SMEnegyFactory.swift */; };
		93D8CD1B1B6798D50052BE67 /* ganbarimasu_01.wav in Resources */ = {isa = PBXBuildFile; fileRef = 93D8CD1A1B6798D50052BE67 /* ganbarimasu_01.wav */; };
		93D8CD1D1B679E470052BE67 /* short_song_minami_kirakira.mp3 in Resources */ = {isa = PBXBuildFile; fileRef = 93D8CD1C1B679E470052BE67 /* short_song_minami_kirakira.mp3 */; };
		93D8CD301B679E620052BE67 /* powerup_01.wav in Resources */ = {isa = PBXBuildFile; fileRef = 93D8CD1E1B679E620052BE67 /* powerup_01.wav */; };
		93D8CD311B679E620052BE67 /* itemget_01.wav in Resources */ = {isa = PBXBuildFile; fileRef = 93D8CD1F1B679E620052BE67 /* itemget_01.wav */; };
		93D8CD321B679E620052BE67 /* ita_01.wav in Resources */ = {isa = PBXBuildFile; fileRef = 93D8CD201B679E620052BE67 /* ita_01.wav */; };
		93D8CD331B679E620052BE67 /* hawawa_01.wav in Resources */ = {isa = PBXBuildFile; fileRef = 93D8CD211B679E620052BE67 /* hawawa_01.wav */; };
		93D8CD341B679E620052BE67 /* torya_01.wav in Resources */ = {isa = PBXBuildFile; fileRef = 93D8CD221B679E620052BE67 /* torya_01.wav */; };
		93D8CD351B679E620052BE67 /* yaa_01.wav in Resources */ = {isa = PBXBuildFile; fileRef = 93D8CD231B679E620052BE67 /* yaa_01.wav */; };
		93D8CD361B679E620052BE67 /* choroimondane_01.wav in Resources */ = {isa = PBXBuildFile; fileRef = 93D8CD241B679E620052BE67 /* choroimondane_01.wav */; };
		93D8CD371B679E620052BE67 /* choroichoroi_01.wav in Resources */ = {isa = PBXBuildFile; fileRef = 93D8CD251B679E620052BE67 /* choroichoroi_01.wav */; };
		93D8CD381B679E620052BE67 /* korededouda_01.wav in Resources */ = {isa = PBXBuildFile; fileRef = 93D8CD261B679E620052BE67 /* korededouda_01.wav */; };
		93D8CD391B679E620052BE67 /* sokoda_01.wav in Resources */ = {isa = PBXBuildFile; fileRef = 93D8CD271B679E620052BE67 /* sokoda_01.wav */; };
		93D8CD3A1B679E620052BE67 /* kono_01.wav in Resources */ = {isa = PBXBuildFile; fileRef = 93D8CD281B679E620052BE67 /* kono_01.wav */; };
		93D8CD3B1B679E620052BE67 /* kurae_01.wav in Resources */ = {isa = PBXBuildFile; fileRef = 93D8CD291B679E620052BE67 /* kurae_01.wav */; };
		93D8CD3C1B679E620052BE67 /* ei_01.wav in Resources */ = {isa = PBXBuildFile; fileRef = 93D8CD2A1B679E620052BE67 /* ei_01.wav */; };
		93D8CD3D1B679E620052BE67 /* mataaeruyone_01.wav in Resources */ = {isa = PBXBuildFile; fileRef = 93D8CD2B1B679E620052BE67 /* mataaeruyone_01.wav */; };
		93D8CD3E1B679E620052BE67 /* ehehe_01.wav in Resources */ = {isa = PBXBuildFile; fileRef = 93D8CD2C1B679E620052BE67 /* ehehe_01.wav */; };
		93D8CD3F1B679E620052BE67 /* motteatosukoshidesu_01.wav in Resources */ = {isa = PBXBuildFile; fileRef = 93D8CD2D1B679E620052BE67 /* motteatosukoshidesu_01.wav */; };
		93D8CD401B679E620052BE67 /* aha_01.wav in Resources */ = {isa = PBXBuildFile; fileRef = 93D8CD2E1B679E620052BE67 /* aha_01.wav */; };
		93D8CD411B679E620052BE67 /* konomamaja_01.wav in Resources */ = {isa = PBXBuildFile; fileRef = 93D8CD2F1B679E620052BE67 /* konomamaja_01.wav */; };
		93D8CD441B67A8C80052BE67 /* kakin.mp3 in Resources */ = {isa = PBXBuildFile; fileRef = 93D8CD421B67A8C80052BE67 /* kakin.mp3 */; };
		93D8CD451B67A8C80052BE67 /* explode2.mp3 in Resources */ = {isa = PBXBuildFile; fileRef = 93D8CD431B67A8C80052BE67 /* explode2.mp3 */; };
		93D8CD471B689E840052BE67 /* swordmaster2.png in Resources */ = {isa = PBXBuildFile; fileRef = 93D8CD461B689E840052BE67 /* swordmaster2.png */; };
		93D8CD491B68A9740052BE67 /* cutinParticle.sks in Resources */ = {isa = PBXBuildFile; fileRef = 93D8CD481B68A9740052BE67 /* cutinParticle.sks */; };
		93D8CD4B1B69B9B50052BE67 /* bgm_maoudamashii_neorock33.mp3 in Resources */ = {isa = PBXBuildFile; fileRef = 93D8CD4A1B69B9B50052BE67 /* bgm_maoudamashii_neorock33.mp3 */; };
		93D8CD4D1B69BB5B0052BE67 /* combo_01.wav in Resources */ = {isa = PBXBuildFile; fileRef = 93D8CD4C1B69BB5B0052BE67 /* combo_01.wav */; };
		93E9A0681B4D228A00B44478 /* magicParticle.sks in Resources */ = {isa = PBXBuildFile; fileRef = 93E9A0671B4D228A00B44478 /* magicParticle.sks */; };
		93E9A06D1B4D4D9300B44478 /* fade.mp3 in Resources */ = {isa = PBXBuildFile; fileRef = 93E9A0691B4D4D9300B44478 /* fade.mp3 */; };
		93E9A06E1B4D4D9300B44478 /* shot.mp3 in Resources */ = {isa = PBXBuildFile; fileRef = 93E9A06A1B4D4D9300B44478 /* shot.mp3 */; };
		93E9A06F1B4D4D9300B44478 /* sword.mp3 in Resources */ = {isa = PBXBuildFile; fileRef = 93E9A06B1B4D4D9300B44478 /* sword.mp3 */; };
		93E9A0701B4D4D9300B44478 /* sound.mp3 in Resources */ = {isa = PBXBuildFile; fileRef = 93E9A06C1B4D4D9300B44478 /* sound.mp3 */; };
		93E9A0721B4D549E00B44478 /* scrollParticle.sks in Resources */ = {isa = PBXBuildFile; fileRef = 93E9A0711B4D549E00B44478 /* scrollParticle.sks */; };
		93EF1AB01B4BC01800B1FC93 /* AppDelegate.swift in Sources */ = {isa = PBXBuildFile; fileRef = 93EF1AAF1B4BC01800B1FC93 /* AppDelegate.swift */; };
		93EF1AB41B4BC01800B1FC93 /* GameScene.swift in Sources */ = {isa = PBXBuildFile; fileRef = 93EF1AB31B4BC01800B1FC93 /* GameScene.swift */; };
		93EF1AB61B4BC01800B1FC93 /* GameViewController.swift in Sources */ = {isa = PBXBuildFile; fileRef = 93EF1AB51B4BC01800B1FC93 /* GameViewController.swift */; };
		93EF1AB91B4BC01800B1FC93 /* Main.storyboard in Resources */ = {isa = PBXBuildFile; fileRef = 93EF1AB71B4BC01800B1FC93 /* Main.storyboard */; };
		93EF1ABE1B4BC01800B1FC93 /* LaunchScreen.xib in Resources */ = {isa = PBXBuildFile; fileRef = 93EF1ABC1B4BC01800B1FC93 /* LaunchScreen.xib */; };
		93EF1ACA1B4BC01800B1FC93 /* protonTests.swift in Sources */ = {isa = PBXBuildFile; fileRef = 93EF1AC91B4BC01800B1FC93 /* protonTests.swift */; };
/* End PBXBuildFile section */

/* Begin PBXContainerItemProxy section */
		93EF1AC41B4BC01800B1FC93 /* PBXContainerItemProxy */ = {
			isa = PBXContainerItemProxy;
			containerPortal = 93EF1AA21B4BC01800B1FC93 /* Project object */;
			proxyType = 1;
			remoteGlobalIDString = 93EF1AA91B4BC01800B1FC93;
			remoteInfo = proton;
		};
/* End PBXContainerItemProxy section */

/* Begin PBXFileReference section */
		931943171B58BD240002F1BD /* deadParticle.sks */ = {isa = PBXFileReference; lastKnownFileType = file.sks; path = deadParticle.sks; sourceTree = "<group>"; };
		931943191B58DB740002F1BD /* SMItemNode.swift */ = {isa = PBXFileReference; fileEncoding = 4; lastKnownFileType = sourcecode.swift; path = SMItemNode.swift; sourceTree = "<group>"; };
		9319431B1B5F5C790002F1BD /* ItemType.swift */ = {isa = PBXFileReference; fileEncoding = 4; lastKnownFileType = sourcecode.swift; path = ItemType.swift; sourceTree = "<group>"; };
		9319431D1B5F724E0002F1BD /* SMItemFactory.swift */ = {isa = PBXFileReference; fileEncoding = 4; lastKnownFileType = sourcecode.swift; path = SMItemFactory.swift; sourceTree = "<group>"; };
		9319431F1B661B690002F1BD /* iAd.framework */ = {isa = PBXFileReference; lastKnownFileType = wrapper.framework; name = iAd.framework; path = System/Library/Frameworks/iAd.framework; sourceTree = SDKROOT; };
		9356C1DA1B4D00410073EBF8 /* MyParticle.sks */ = {isa = PBXFileReference; lastKnownFileType = file.sks; path = MyParticle.sks; sourceTree = "<group>"; };
		9356C1DB1B4D00410073EBF8 /* spark.png */ = {isa = PBXFileReference; lastKnownFileType = image.png; path = spark.png; sourceTree = "<group>"; };
		9356C1DE1B4D05000073EBF8 /* ice1.png */ = {isa = PBXFileReference; lastKnownFileType = image.png; path = ice1.png; sourceTree = "<group>"; };
		935D908F1B6F2D680098A2FF /* Images.xcassets */ = {isa = PBXFileReference; lastKnownFileType = folder.assetcatalog; path = Images.xcassets; sourceTree = "<group>"; };
		937056C91B4E0991009BBAC2 /* playerParticle.sks */ = {isa = PBXFileReference; lastKnownFileType = file.sks; path = playerParticle.sks; sourceTree = "<group>"; };
		937056CB1B4F63A0009BBAC2 /* sparkParticle.sks */ = {isa = PBXFileReference; lastKnownFileType = file.sks; path = sparkParticle.sks; sourceTree = "<group>"; };
		937056CD1B4F75D9009BBAC2 /* SMPlayerNode.swift */ = {isa = PBXFileReference; fileEncoding = 4; lastKnownFileType = sourcecode.swift; path = SMPlayerNode.swift; sourceTree = "<group>"; };
		937056CF1B4F7F56009BBAC2 /* ColliderType.swift */ = {isa = PBXFileReference; fileEncoding = 4; lastKnownFileType = sourcecode.swift; path = ColliderType.swift; sourceTree = "<group>"; };
		937056D11B4F8398009BBAC2 /* SwordType.swift */ = {isa = PBXFileReference; fileEncoding = 4; lastKnownFileType = sourcecode.swift; path = SwordType.swift; sourceTree = "<group>"; };
		937056D31B4F8A1F009BBAC2 /* SMNodeUtil.swift */ = {isa = PBXFileReference; fileEncoding = 4; lastKnownFileType = sourcecode.swift; path = SMNodeUtil.swift; sourceTree = "<group>"; };
		937056D51B4FA28E009BBAC2 /* SMAnimationUtil.swift */ = {isa = PBXFileReference; fileEncoding = 4; lastKnownFileType = sourcecode.swift; path = SMAnimationUtil.swift; sourceTree = "<group>"; };
		937056D71B4FA89B009BBAC2 /* EnemyType.swift */ = {isa = PBXFileReference; fileEncoding = 4; lastKnownFileType = sourcecode.swift; path = EnemyType.swift; sourceTree = "<group>"; };
		937056D91B4FA933009BBAC2 /* SMSwordNode.swift */ = {isa = PBXFileReference; fileEncoding = 4; lastKnownFileType = sourcecode.swift; path = SMSwordNode.swift; sourceTree = "<group>"; };
		937056DB1B4FB750009BBAC2 /* hitParticle.sks */ = {isa = PBXFileReference; lastKnownFileType = file.sks; path = hitParticle.sks; sourceTree = "<group>"; };
		93D1D7961B513933000EC266 /* magic_circle.mp3 */ = {isa = PBXFileReference; lastKnownFileType = audio.mp3; path = magic_circle.mp3; sourceTree = "<group>"; };
		93D1D7971B513933000EC266 /* nagarebosi.mp3 */ = {isa = PBXFileReference; lastKnownFileType = audio.mp3; path = nagarebosi.mp3; sourceTree = "<group>"; };
		93D1D7981B513933000EC266 /* hit.mp3 */ = {isa = PBXFileReference; lastKnownFileType = audio.mp3; path = hit.mp3; sourceTree = "<group>"; };
		93D1D7991B513933000EC266 /* kiru.mp3 */ = {isa = PBXFileReference; lastKnownFileType = audio.mp3; path = kiru.mp3; sourceTree = "<group>"; };
		93D1D79A1B513933000EC266 /* sasaru.mp3 */ = {isa = PBXFileReference; lastKnownFileType = audio.mp3; path = sasaru.mp3; sourceTree = "<group>"; };
		93D1D79B1B513933000EC266 /* explode.mp3 */ = {isa = PBXFileReference; lastKnownFileType = audio.mp3; path = explode.mp3; sourceTree = "<group>"; };
		93D1D7A21B522AB4000EC266 /* CoreMotion.framework */ = {isa = PBXFileReference; lastKnownFileType = wrapper.framework; name = CoreMotion.framework; path = System/Library/Frameworks/CoreMotion.framework; sourceTree = SDKROOT; };
		93D1D7A41B523CCF000EC266 /* SMEnemyNode.swift */ = {isa = PBXFileReference; fileEncoding = 4; lastKnownFileType = sourcecode.swift; path = SMEnemyNode.swift; sourceTree = "<group>"; };
		93D1D7A61B525250000EC266 /* SMEnemyCube.swift */ = {isa = PBXFileReference; fileEncoding = 4; lastKnownFileType = sourcecode.swift; path = SMEnemyCube.swift; sourceTree = "<group>"; };
		93D1D7A81B5345F5000EC266 /* SMStage.swift */ = {isa = PBXFileReference; fileEncoding = 4; lastKnownFileType = sourcecode.swift; path = SMStage.swift; sourceTree = "<group>"; };
		93D1D7AA1B534BA4000EC266 /* SMEnemyGroup.swift */ = {isa = PBXFileReference; fileEncoding = 4; lastKnownFileType = sourcecode.swift; path = SMEnemyGroup.swift; sourceTree = "<group>"; };
		93D1D7AC1B534F5D000EC266 /* SMStageManage.swift */ = {isa = PBXFileReference; fileEncoding = 4; lastKnownFileType = sourcecode.swift; path = SMStageManage.swift; sourceTree = "<group>"; };
		93D1D7AE1B538DC6000EC266 /* SMSwordFactory.swift */ = {isa = PBXFileReference; fileEncoding = 4; lastKnownFileType = sourcecode.swift; path = SMSwordFactory.swift; sourceTree = "<group>"; };
		93D1D7B01B538FE3000EC266 /* SMEnemyFactory.swift */ = {isa = PBXFileReference; fileEncoding = 4; lastKnownFileType = sourcecode.swift; name = SMEnemyFactory.swift; path = ../SMEnemyFactory.swift; sourceTree = "<group>"; };
		93D1D7B21B539097000EC266 /* SMStageFactory.swift */ = {isa = PBXFileReference; fileEncoding = 4; lastKnownFileType = sourcecode.swift; path = SMStageFactory.swift; sourceTree = "<group>"; };
		93D1D7B41B54B450000EC266 /* SMEnemyGroupDelegate.swift */ = {isa = PBXFileReference; fileEncoding = 4; lastKnownFileType = sourcecode.swift; path = SMEnemyGroupDelegate.swift; sourceTree = "<group>"; };
		93D1D7B61B54BCD7000EC266 /* EnemyGroupType.swift */ = {isa = PBXFileReference; fileEncoding = 4; lastKnownFileType = sourcecode.swift; name = EnemyGroupType.swift; path = ../EnemyGroupType.swift; sourceTree = "<group>"; };
		93D1D7B81B54C57A000EC266 /* SMEnemyDelegate.swift */ = {isa = PBXFileReference; fileEncoding = 4; lastKnownFileType = sourcecode.swift; path = SMEnemyDelegate.swift; sourceTree = "<group>"; };
		93D1D7BA1B54E240000EC266 /* SMEnemyFly.swift */ = {isa = PBXFileReference; fileEncoding = 4; lastKnownFileType = sourcecode.swift; path = SMEnemyFly.swift; sourceTree = "<group>"; };
		93D1D7BC1B55F228000EC266 /* bosssound1.mp3 */ = {isa = PBXFileReference; lastKnownFileType = audio.mp3; path = bosssound1.mp3; sourceTree = "<group>"; };
		93D1D7BE1B55F37E000EC266 /* SMEnemyBoss1.swift */ = {isa = PBXFileReference; fileEncoding = 4; lastKnownFileType = sourcecode.swift; path = SMEnemyBoss1.swift; sourceTree = "<group>"; };
		93D1D7C01B563B01000EC266 /* swordmaster.png */ = {isa = PBXFileReference; lastKnownFileType = image.png; path = swordmaster.png; sourceTree = "<group>"; };
		93D1D7C41B57458E000EC266 /* GameTitleScene.swift */ = {isa = PBXFileReference; fileEncoding = 4; lastKnownFileType = sourcecode.swift; path = GameTitleScene.swift; sourceTree = "<group>"; };
		93D1D7C81B57558B000EC266 /* titleParticle.sks */ = {isa = PBXFileReference; lastKnownFileType = file.sks; path = titleParticle.sks; sourceTree = "<group>"; };
		93D1D7C91B57558B000EC266 /* spark.png */ = {isa = PBXFileReference; lastKnownFileType = image.png; path = spark.png; sourceTree = "<group>"; };
		93D1D7CC1B5782B8000EC266 /* SMEnegyNode.swift */ = {isa = PBXFileReference; fileEncoding = 4; lastKnownFileType = sourcecode.swift; path = SMEnegyNode.swift; sourceTree = "<group>"; };
		93D1D7CE1B578526000EC266 /* SMEnegyFactory.swift */ = {isa = PBXFileReference; fileEncoding = 4; lastKnownFileType = sourcecode.swift; path = SMEnegyFactory.swift; sourceTree = "<group>"; };
		93D8CD1A1B6798D50052BE67 /* ganbarimasu_01.wav */ = {isa = PBXFileReference; lastKnownFileType = audio.wav; path = ganbarimasu_01.wav; sourceTree = "<group>"; };
		93D8CD1C1B679E470052BE67 /* short_song_minami_kirakira.mp3 */ = {isa = PBXFileReference; lastKnownFileType = audio.mp3; path = short_song_minami_kirakira.mp3; sourceTree = "<group>"; };
		93D8CD1E1B679E620052BE67 /* powerup_01.wav */ = {isa = PBXFileReference; lastKnownFileType = audio.wav; path = powerup_01.wav; sourceTree = "<group>"; };
		93D8CD1F1B679E620052BE67 /* itemget_01.wav */ = {isa = PBXFileReference; lastKnownFileType = audio.wav; path = itemget_01.wav; sourceTree = "<group>"; };
		93D8CD201B679E620052BE67 /* ita_01.wav */ = {isa = PBXFileReference; lastKnownFileType = audio.wav; path = ita_01.wav; sourceTree = "<group>"; };
		93D8CD211B679E620052BE67 /* hawawa_01.wav */ = {isa = PBXFileReference; lastKnownFileType = audio.wav; path = hawawa_01.wav; sourceTree = "<group>"; };
		93D8CD221B679E620052BE67 /* torya_01.wav */ = {isa = PBXFileReference; lastKnownFileType = audio.wav; path = torya_01.wav; sourceTree = "<group>"; };
		93D8CD231B679E620052BE67 /* yaa_01.wav */ = {isa = PBXFileReference; lastKnownFileType = audio.wav; path = yaa_01.wav; sourceTree = "<group>"; };
		93D8CD241B679E620052BE67 /* choroimondane_01.wav */ = {isa = PBXFileReference; lastKnownFileType = audio.wav; path = choroimondane_01.wav; sourceTree = "<group>"; };
		93D8CD251B679E620052BE67 /* choroichoroi_01.wav */ = {isa = PBXFileReference; lastKnownFileType = audio.wav; path = choroichoroi_01.wav; sourceTree = "<group>"; };
		93D8CD261B679E620052BE67 /* korededouda_01.wav */ = {isa = PBXFileReference; lastKnownFileType = audio.wav; path = korededouda_01.wav; sourceTree = "<group>"; };
		93D8CD271B679E620052BE67 /* sokoda_01.wav */ = {isa = PBXFileReference; lastKnownFileType = audio.wav; path = sokoda_01.wav; sourceTree = "<group>"; };
		93D8CD281B679E620052BE67 /* kono_01.wav */ = {isa = PBXFileReference; lastKnownFileType = audio.wav; path = kono_01.wav; sourceTree = "<group>"; };
		93D8CD291B679E620052BE67 /* kurae_01.wav */ = {isa = PBXFileReference; lastKnownFileType = audio.wav; path = kurae_01.wav; sourceTree = "<group>"; };
		93D8CD2A1B679E620052BE67 /* ei_01.wav */ = {isa = PBXFileReference; lastKnownFileType = audio.wav; path = ei_01.wav; sourceTree = "<group>"; };
		93D8CD2B1B679E620052BE67 /* mataaeruyone_01.wav */ = {isa = PBXFileReference; lastKnownFileType = audio.wav; path = mataaeruyone_01.wav; sourceTree = "<group>"; };
		93D8CD2C1B679E620052BE67 /* ehehe_01.wav */ = {isa = PBXFileReference; lastKnownFileType = audio.wav; path = ehehe_01.wav; sourceTree = "<group>"; };
		93D8CD2D1B679E620052BE67 /* motteatosukoshidesu_01.wav */ = {isa = PBXFileReference; lastKnownFileType = audio.wav; path = motteatosukoshidesu_01.wav; sourceTree = "<group>"; };
		93D8CD2E1B679E620052BE67 /* aha_01.wav */ = {isa = PBXFileReference; lastKnownFileType = audio.wav; path = aha_01.wav; sourceTree = "<group>"; };
		93D8CD2F1B679E620052BE67 /* konomamaja_01.wav */ = {isa = PBXFileReference; lastKnownFileType = audio.wav; path = konomamaja_01.wav; sourceTree = "<group>"; };
		93D8CD421B67A8C80052BE67 /* kakin.mp3 */ = {isa = PBXFileReference; lastKnownFileType = audio.mp3; path = kakin.mp3; sourceTree = "<group>"; };
		93D8CD431B67A8C80052BE67 /* explode2.mp3 */ = {isa = PBXFileReference; lastKnownFileType = audio.mp3; path = explode2.mp3; sourceTree = "<group>"; };
		93D8CD461B689E840052BE67 /* swordmaster2.png */ = {isa = PBXFileReference; lastKnownFileType = image.png; path = swordmaster2.png; sourceTree = "<group>"; };
		93D8CD481B68A9740052BE67 /* cutinParticle.sks */ = {isa = PBXFileReference; lastKnownFileType = file.sks; path = cutinParticle.sks; sourceTree = "<group>"; };
		93D8CD4A1B69B9B50052BE67 /* bgm_maoudamashii_neorock33.mp3 */ = {isa = PBXFileReference; lastKnownFileType = audio.mp3; path = bgm_maoudamashii_neorock33.mp3; sourceTree = "<group>"; };
		93D8CD4C1B69BB5B0052BE67 /* combo_01.wav */ = {isa = PBXFileReference; lastKnownFileType = audio.wav; path = combo_01.wav; sourceTree = "<group>"; };
		93E9A0671B4D228A00B44478 /* magicParticle.sks */ = {isa = PBXFileReference; lastKnownFileType = file.sks; path = magicParticle.sks; sourceTree = "<group>"; };
		93E9A0691B4D4D9300B44478 /* fade.mp3 */ = {isa = PBXFileReference; lastKnownFileType = audio.mp3; path = fade.mp3; sourceTree = "<group>"; };
		93E9A06A1B4D4D9300B44478 /* shot.mp3 */ = {isa = PBXFileReference; lastKnownFileType = audio.mp3; path = shot.mp3; sourceTree = "<group>"; };
		93E9A06B1B4D4D9300B44478 /* sword.mp3 */ = {isa = PBXFileReference; lastKnownFileType = audio.mp3; path = sword.mp3; sourceTree = "<group>"; };
		93E9A06C1B4D4D9300B44478 /* sound.mp3 */ = {isa = PBXFileReference; lastKnownFileType = audio.mp3; path = sound.mp3; sourceTree = "<group>"; };
		93E9A0711B4D549E00B44478 /* scrollParticle.sks */ = {isa = PBXFileReference; lastKnownFileType = file.sks; path = scrollParticle.sks; sourceTree = "<group>"; };
		93EF1AAA1B4BC01800B1FC93 /* proton.app */ = {isa = PBXFileReference; explicitFileType = wrapper.application; includeInIndex = 0; path = proton.app; sourceTree = BUILT_PRODUCTS_DIR; };
		93EF1AAE1B4BC01800B1FC93 /* Info.plist */ = {isa = PBXFileReference; lastKnownFileType = text.plist.xml; path = Info.plist; sourceTree = "<group>"; };
		93EF1AAF1B4BC01800B1FC93 /* AppDelegate.swift */ = {isa = PBXFileReference; lastKnownFileType = sourcecode.swift; path = AppDelegate.swift; sourceTree = "<group>"; };
		93EF1AB31B4BC01800B1FC93 /* GameScene.swift */ = {isa = PBXFileReference; lastKnownFileType = sourcecode.swift; path = GameScene.swift; sourceTree = "<group>"; };
		93EF1AB51B4BC01800B1FC93 /* GameViewController.swift */ = {isa = PBXFileReference; lastKnownFileType = sourcecode.swift; path = GameViewController.swift; sourceTree = "<group>"; };
		93EF1AB81B4BC01800B1FC93 /* Base */ = {isa = PBXFileReference; lastKnownFileType = file.storyboard; name = Base; path = Base.lproj/Main.storyboard; sourceTree = "<group>"; };
		93EF1ABD1B4BC01800B1FC93 /* Base */ = {isa = PBXFileReference; lastKnownFileType = file.xib; name = Base; path = Base.lproj/LaunchScreen.xib; sourceTree = "<group>"; };
		93EF1AC31B4BC01800B1FC93 /* protonTests.xctest */ = {isa = PBXFileReference; explicitFileType = wrapper.cfbundle; includeInIndex = 0; path = protonTests.xctest; sourceTree = BUILT_PRODUCTS_DIR; };
		93EF1AC81B4BC01800B1FC93 /* Info.plist */ = {isa = PBXFileReference; lastKnownFileType = text.plist.xml; path = Info.plist; sourceTree = "<group>"; };
		93EF1AC91B4BC01800B1FC93 /* protonTests.swift */ = {isa = PBXFileReference; lastKnownFileType = sourcecode.swift; path = protonTests.swift; sourceTree = "<group>"; };
/* End PBXFileReference section */

/* Begin PBXFrameworksBuildPhase section */
		93EF1AA71B4BC01800B1FC93 /* Frameworks */ = {
			isa = PBXFrameworksBuildPhase;
			buildActionMask = 2147483647;
			files = (
				931943201B661B690002F1BD /* iAd.framework in Frameworks */,
				93D1D7A31B522AB4000EC266 /* CoreMotion.framework in Frameworks */,
			);
			runOnlyForDeploymentPostprocessing = 0;
		};
		93EF1AC01B4BC01800B1FC93 /* Frameworks */ = {
			isa = PBXFrameworksBuildPhase;
			buildActionMask = 2147483647;
			files = (
			);
			runOnlyForDeploymentPostprocessing = 0;
		};
/* End PBXFrameworksBuildPhase section */

/* Begin PBXGroup section */
		93EF1AA11B4BC01800B1FC93 = {
			isa = PBXGroup;
			children = (
				9319431F1B661B690002F1BD /* iAd.framework */,
				9319431D1B5F724E0002F1BD /* SMItemFactory.swift */,
				93D1D7CE1B578526000EC266 /* SMEnegyFactory.swift */,
				93D1D7C81B57558B000EC266 /* titleParticle.sks */,
				93D1D7C91B57558B000EC266 /* spark.png */,
				93D1D7A21B522AB4000EC266 /* CoreMotion.framework */,
				93EF1AAC1B4BC01800B1FC93 /* proton */,
				93EF1AC61B4BC01800B1FC93 /* protonTests */,
				93EF1AAB1B4BC01800B1FC93 /* Products */,
			);
			sourceTree = "<group>";
		};
		93EF1AAB1B4BC01800B1FC93 /* Products */ = {
			isa = PBXGroup;
			children = (
				93EF1AAA1B4BC01800B1FC93 /* proton.app */,
				93EF1AC31B4BC01800B1FC93 /* protonTests.xctest */,
			);
			name = Products;
			sourceTree = "<group>";
		};
		93EF1AAC1B4BC01800B1FC93 /* proton */ = {
			isa = PBXGroup;
			children = (
				93D8CD4C1B69BB5B0052BE67 /* combo_01.wav */,
				93D8CD4A1B69B9B50052BE67 /* bgm_maoudamashii_neorock33.mp3 */,
				93D8CD461B689E840052BE67 /* swordmaster2.png */,
				93D8CD1E1B679E620052BE67 /* powerup_01.wav */,
				93D8CD1F1B679E620052BE67 /* itemget_01.wav */,
				93D8CD201B679E620052BE67 /* ita_01.wav */,
				93D8CD211B679E620052BE67 /* hawawa_01.wav */,
				93D8CD221B679E620052BE67 /* torya_01.wav */,
				93D8CD231B679E620052BE67 /* yaa_01.wav */,
				93D8CD241B679E620052BE67 /* choroimondane_01.wav */,
				93D8CD251B679E620052BE67 /* choroichoroi_01.wav */,
				93D8CD261B679E620052BE67 /* korededouda_01.wav */,
				93D8CD271B679E620052BE67 /* sokoda_01.wav */,
				93D8CD281B679E620052BE67 /* kono_01.wav */,
				93D8CD291B679E620052BE67 /* kurae_01.wav */,
				93D8CD2A1B679E620052BE67 /* ei_01.wav */,
				93D8CD2B1B679E620052BE67 /* mataaeruyone_01.wav */,
				93D8CD2C1B679E620052BE67 /* ehehe_01.wav */,
				93D8CD2D1B679E620052BE67 /* motteatosukoshidesu_01.wav */,
				93D8CD2E1B679E620052BE67 /* aha_01.wav */,
				93D8CD2F1B679E620052BE67 /* konomamaja_01.wav */,
				93D8CD1C1B679E470052BE67 /* short_song_minami_kirakira.mp3 */,
				93D1D7C01B563B01000EC266 /* swordmaster.png */,
				93D1D7B61B54BCD7000EC266 /* EnemyGroupType.swift */,
				93D1D7B01B538FE3000EC266 /* SMEnemyFactory.swift */,
				93D1D7BE1B55F37E000EC266 /* SMEnemyBoss1.swift */,
				93D1D7B21B539097000EC266 /* SMStageFactory.swift */,
				93D1D7961B513933000EC266 /* magic_circle.mp3 */,
				93D8CD421B67A8C80052BE67 /* kakin.mp3 */,
				93D8CD431B67A8C80052BE67 /* explode2.mp3 */,
				93D1D7971B513933000EC266 /* nagarebosi.mp3 */,
				93D1D7981B513933000EC266 /* hit.mp3 */,
				93D1D7991B513933000EC266 /* kiru.mp3 */,
				93D1D79A1B513933000EC266 /* sasaru.mp3 */,
				93D1D79B1B513933000EC266 /* explode.mp3 */,
				93E9A0691B4D4D9300B44478 /* fade.mp3 */,
				93E9A06A1B4D4D9300B44478 /* shot.mp3 */,
				93E9A06B1B4D4D9300B44478 /* sword.mp3 */,
				93D1D7BC1B55F228000EC266 /* bosssound1.mp3 */,
				93E9A06C1B4D4D9300B44478 /* sound.mp3 */,
				93D8CD1A1B6798D50052BE67 /* ganbarimasu_01.wav */,
				9356C1DE1B4D05000073EBF8 /* ice1.png */,
				93EF1AAF1B4BC01800B1FC93 /* AppDelegate.swift */,
				93EF1AB31B4BC01800B1FC93 /* GameScene.swift */,
				93D1D7C41B57458E000EC266 /* GameTitleScene.swift */,
				93D1D7AA1B534BA4000EC266 /* SMEnemyGroup.swift */,
				93D1D7A81B5345F5000EC266 /* SMStage.swift */,
				93D8CD481B68A9740052BE67 /* cutinParticle.sks */,
				93D1D7B81B54C57A000EC266 /* SMEnemyDelegate.swift */,
				93D1D7AC1B534F5D000EC266 /* SMStageManage.swift */,
				93D1D7B41B54B450000EC266 /* SMEnemyGroupDelegate.swift */,
				93D1D7A41B523CCF000EC266 /* SMEnemyNode.swift */,
				93D1D7A61B525250000EC266 /* SMEnemyCube.swift */,
				931943191B58DB740002F1BD /* SMItemNode.swift */,
				93D1D7BA1B54E240000EC266 /* SMEnemyFly.swift */,
				9319431B1B5F5C790002F1BD /* ItemType.swift */,
				937056DB1B4FB750009BBAC2 /* hitParticle.sks */,
				937056D71B4FA89B009BBAC2 /* EnemyType.swift */,
				937056D51B4FA28E009BBAC2 /* SMAnimationUtil.swift */,
				935D908F1B6F2D680098A2FF /* Images.xcassets */,
				937056D11B4F8398009BBAC2 /* SwordType.swift */,
				937056D91B4FA933009BBAC2 /* SMSwordNode.swift */,
				93D1D7CC1B5782B8000EC266 /* SMEnegyNode.swift */,
				93D1D7AE1B538DC6000EC266 /* SMSwordFactory.swift */,
				931943171B58BD240002F1BD /* deadParticle.sks */,
				937056CF1B4F7F56009BBAC2 /* ColliderType.swift */,
				93EF1AB51B4BC01800B1FC93 /* GameViewController.swift */,
				93EF1AB71B4BC01800B1FC93 /* Main.storyboard */,
				93EF1ABC1B4BC01800B1FC93 /* LaunchScreen.xib */,
				93EF1AAD1B4BC01800B1FC93 /* Supporting Files */,
				9356C1DA1B4D00410073EBF8 /* MyParticle.sks */,
				9356C1DB1B4D00410073EBF8 /* spark.png */,
				93E9A0671B4D228A00B44478 /* magicParticle.sks */,
				93E9A0711B4D549E00B44478 /* scrollParticle.sks */,
				937056C91B4E0991009BBAC2 /* playerParticle.sks */,
				937056CB1B4F63A0009BBAC2 /* sparkParticle.sks */,
				937056CD1B4F75D9009BBAC2 /* SMPlayerNode.swift */,
				937056D31B4F8A1F009BBAC2 /* SMNodeUtil.swift */,
			);
			path = proton;
			sourceTree = "<group>";
		};
		93EF1AAD1B4BC01800B1FC93 /* Supporting Files */ = {
			isa = PBXGroup;
			children = (
				93EF1AAE1B4BC01800B1FC93 /* Info.plist */,
			);
			name = "Supporting Files";
			sourceTree = "<group>";
		};
		93EF1AC61B4BC01800B1FC93 /* protonTests */ = {
			isa = PBXGroup;
			children = (
				93EF1AC91B4BC01800B1FC93 /* protonTests.swift */,
				93EF1AC71B4BC01800B1FC93 /* Supporting Files */,
			);
			path = protonTests;
			sourceTree = "<group>";
		};
		93EF1AC71B4BC01800B1FC93 /* Supporting Files */ = {
			isa = PBXGroup;
			children = (
				93EF1AC81B4BC01800B1FC93 /* Info.plist */,
			);
			name = "Supporting Files";
			sourceTree = "<group>";
		};
/* End PBXGroup section */

/* Begin PBXNativeTarget section */
		93EF1AA91B4BC01800B1FC93 /* proton */ = {
			isa = PBXNativeTarget;
			buildConfigurationList = 93EF1ACD1B4BC01800B1FC93 /* Build configuration list for PBXNativeTarget "proton" */;
			buildPhases = (
				93EF1AA61B4BC01800B1FC93 /* Sources */,
				93EF1AA71B4BC01800B1FC93 /* Frameworks */,
				93EF1AA81B4BC01800B1FC93 /* Resources */,
			);
			buildRules = (
			);
			dependencies = (
			);
			name = proton;
			productName = proton;
			productReference = 93EF1AAA1B4BC01800B1FC93 /* proton.app */;
			productType = "com.apple.product-type.application";
		};
		93EF1AC21B4BC01800B1FC93 /* protonTests */ = {
			isa = PBXNativeTarget;
			buildConfigurationList = 93EF1AD01B4BC01800B1FC93 /* Build configuration list for PBXNativeTarget "protonTests" */;
			buildPhases = (
				93EF1ABF1B4BC01800B1FC93 /* Sources */,
				93EF1AC01B4BC01800B1FC93 /* Frameworks */,
				93EF1AC11B4BC01800B1FC93 /* Resources */,
			);
			buildRules = (
			);
			dependencies = (
				93EF1AC51B4BC01800B1FC93 /* PBXTargetDependency */,
			);
			name = protonTests;
			productName = protonTests;
			productReference = 93EF1AC31B4BC01800B1FC93 /* protonTests.xctest */;
			productType = "com.apple.product-type.bundle.unit-test";
		};
/* End PBXNativeTarget section */

/* Begin PBXProject section */
		93EF1AA21B4BC01800B1FC93 /* Project object */ = {
			isa = PBXProject;
			attributes = {
				LastUpgradeCheck = 0640;
				ORGANIZATIONNAME = "Masaaki Kakimoto";
				TargetAttributes = {
					93EF1AA91B4BC01800B1FC93 = {
						CreatedOnToolsVersion = 6.4;
					};
					93EF1AC21B4BC01800B1FC93 = {
						CreatedOnToolsVersion = 6.4;
						TestTargetID = 93EF1AA91B4BC01800B1FC93;
					};
				};
			};
			buildConfigurationList = 93EF1AA51B4BC01800B1FC93 /* Build configuration list for PBXProject "proton" */;
			compatibilityVersion = "Xcode 3.2";
			developmentRegion = English;
			hasScannedForEncodings = 0;
			knownRegions = (
				en,
				Base,
			);
			mainGroup = 93EF1AA11B4BC01800B1FC93;
			productRefGroup = 93EF1AAB1B4BC01800B1FC93 /* Products */;
			projectDirPath = "";
			projectRoot = "";
			targets = (
				93EF1AA91B4BC01800B1FC93 /* proton */,
				93EF1AC21B4BC01800B1FC93 /* protonTests */,
			);
		};
/* End PBXProject section */

/* Begin PBXResourcesBuildPhase section */
		93EF1AA81B4BC01800B1FC93 /* Resources */ = {
			isa = PBXResourcesBuildPhase;
			buildActionMask = 2147483647;
			files = (
				93D8CD301B679E620052BE67 /* powerup_01.wav in Resources */,
				93D1D79E1B513933000EC266 /* hit.mp3 in Resources */,
				93D8CD401B679E620052BE67 /* aha_01.wav in Resources */,
				93D1D79C1B513933000EC266 /* magic_circle.mp3 in Resources */,
				93D1D7A11B513933000EC266 /* explode.mp3 in Resources */,
				93D8CD391B679E620052BE67 /* sokoda_01.wav in Resources */,
				93D8CD321B679E620052BE67 /* ita_01.wav in Resources */,
				93E9A0721B4D549E00B44478 /* scrollParticle.sks in Resources */,
				93D8CD361B679E620052BE67 /* choroimondane_01.wav in Resources */,
				93D8CD1B1B6798D50052BE67 /* ganbarimasu_01.wav in Resources */,
				9356C1DD1B4D00410073EBF8 /* spark.png in Resources */,
				93D1D7CB1B57558B000EC266 /* spark.png in Resources */,
				93D8CD341B679E620052BE67 /* torya_01.wav in Resources */,
				93D8CD371B679E620052BE67 /* choroichoroi_01.wav in Resources */,
				93EF1ABE1B4BC01800B1FC93 /* LaunchScreen.xib in Resources */,
				937056CA1B4E0991009BBAC2 /* playerParticle.sks in Resources */,
				93D8CD3E1B679E620052BE67 /* ehehe_01.wav in Resources */,
				93E9A06E1B4D4D9300B44478 /* shot.mp3 in Resources */,
				93E9A0681B4D228A00B44478 /* magicParticle.sks in Resources */,
				93D8CD3F1B679E620052BE67 /* motteatosukoshidesu_01.wav in Resources */,
				93D8CD451B67A8C80052BE67 /* explode2.mp3 in Resources */,
				937056DC1B4FB750009BBAC2 /* hitParticle.sks in Resources */,
				93E9A0701B4D4D9300B44478 /* sound.mp3 in Resources */,
				93D1D7C11B563B01000EC266 /* swordmaster.png in Resources */,
				93E9A06F1B4D4D9300B44478 /* sword.mp3 in Resources */,
				93D1D7CA1B57558B000EC266 /* titleParticle.sks in Resources */,
				93D8CD3A1B679E620052BE67 /* kono_01.wav in Resources */,
				93D8CD491B68A9740052BE67 /* cutinParticle.sks in Resources */,
				93D8CD411B679E620052BE67 /* konomamaja_01.wav in Resources */,
				935D90901B6F2D680098A2FF /* Images.xcassets in Resources */,
				93D8CD4D1B69BB5B0052BE67 /* combo_01.wav in Resources */,
				93D8CD3D1B679E620052BE67 /* mataaeruyone_01.wav in Resources */,
				93D8CD471B689E840052BE67 /* swordmaster2.png in Resources */,
				937056CC1B4F63A0009BBAC2 /* sparkParticle.sks in Resources */,
				93D8CD1D1B679E470052BE67 /* short_song_minami_kirakira.mp3 in Resources */,
				93EF1AB91B4BC01800B1FC93 /* Main.storyboard in Resources */,
				93D8CD381B679E620052BE67 /* korededouda_01.wav in Resources */,
				93D8CD351B679E620052BE67 /* yaa_01.wav in Resources */,
				9356C1DC1B4D00410073EBF8 /* MyParticle.sks in Resources */,
				931943181B58BD240002F1BD /* deadParticle.sks in Resources */,
				93D1D79D1B513933000EC266 /* nagarebosi.mp3 in Resources */,
				93D8CD441B67A8C80052BE67 /* kakin.mp3 in Resources */,
				93D8CD4B1B69B9B50052BE67 /* bgm_maoudamashii_neorock33.mp3 in Resources */,
				93E9A06D1B4D4D9300B44478 /* fade.mp3 in Resources */,
				93D8CD3B1B679E620052BE67 /* kurae_01.wav in Resources */,
				93D8CD3C1B679E620052BE67 /* ei_01.wav in Resources */,
				93D1D79F1B513933000EC266 /* kiru.mp3 in Resources */,
				93D8CD311B679E620052BE67 /* itemget_01.wav in Resources */,
				93D8CD331B679E620052BE67 /* hawawa_01.wav in Resources */,
				93D1D7BD1B55F228000EC266 /* bosssound1.mp3 in Resources */,
				9356C1DF1B4D05000073EBF8 /* ice1.png in Resources */,
				93D1D7A01B513933000EC266 /* sasaru.mp3 in Resources */,
			);
			runOnlyForDeploymentPostprocessing = 0;
		};
		93EF1AC11B4BC01800B1FC93 /* Resources */ = {
			isa = PBXResourcesBuildPhase;
			buildActionMask = 2147483647;
			files = (
			);
			runOnlyForDeploymentPostprocessing = 0;
		};
/* End PBXResourcesBuildPhase section */

/* Begin PBXSourcesBuildPhase section */
		93EF1AA61B4BC01800B1FC93 /* Sources */ = {
			isa = PBXSourcesBuildPhase;
			buildActionMask = 2147483647;
			files = (
				93EF1AB41B4BC01800B1FC93 /* GameScene.swift in Sources */,
				937056D41B4F8A1F009BBAC2 /* SMNodeUtil.swift in Sources */,
				93D1D7BB1B54E240000EC266 /* SMEnemyFly.swift in Sources */,
				937056D21B4F8398009BBAC2 /* SwordType.swift in Sources */,
				937056DA1B4FA933009BBAC2 /* SMSwordNode.swift in Sources */,
				93D1D7AB1B534BA4000EC266 /* SMEnemyGroup.swift in Sources */,
				93D1D7B91B54C57A000EC266 /* SMEnemyDelegate.swift in Sources */,
				937056D01B4F7F56009BBAC2 /* ColliderType.swift in Sources */,
				93D1D7AF1B538DC6000EC266 /* SMSwordFactory.swift in Sources */,
				93D1D7A71B525250000EC266 /* SMEnemyCube.swift in Sources */,
				93D1D7B71B54BCD7000EC266 /* EnemyGroupType.swift in Sources */,
				93D1D7B51B54B450000EC266 /* SMEnemyGroupDelegate.swift in Sources */,
				93D1D7B11B538FE3000EC266 /* SMEnemyFactory.swift in Sources */,
				9319431A1B58DB740002F1BD /* SMItemNode.swift in Sources */,
				9319431C1B5F5C790002F1BD /* ItemType.swift in Sources */,
				93EF1AB61B4BC01800B1FC93 /* GameViewController.swift in Sources */,
				937056CE1B4F75D9009BBAC2 /* SMPlayerNode.swift in Sources */,
				93D1D7AD1B534F5D000EC266 /* SMStageManage.swift in Sources */,
				9319431E1B5F724E0002F1BD /* SMItemFactory.swift in Sources */,
				937056D61B4FA28E009BBAC2 /* SMAnimationUtil.swift in Sources */,
				93D1D7C51B57458E000EC266 /* GameTitleScene.swift in Sources */,
				93D1D7B31B539097000EC266 /* SMStageFactory.swift in Sources */,
				93D1D7CF1B578526000EC266 /* SMEnegyFactory.swift in Sources */,
				93D1D7CD1B5782B8000EC266 /* SMEnegyNode.swift in Sources */,
				93EF1AB01B4BC01800B1FC93 /* AppDelegate.swift in Sources */,
				937056D81B4FA89B009BBAC2 /* EnemyType.swift in Sources */,
				93D1D7BF1B55F37E000EC266 /* SMEnemyBoss1.swift in Sources */,
				93D1D7A91B5345F5000EC266 /* SMStage.swift in Sources */,
				93D1D7A51B523CCF000EC266 /* SMEnemyNode.swift in Sources */,
			);
			runOnlyForDeploymentPostprocessing = 0;
		};
		93EF1ABF1B4BC01800B1FC93 /* Sources */ = {
			isa = PBXSourcesBuildPhase;
			buildActionMask = 2147483647;
			files = (
				93EF1ACA1B4BC01800B1FC93 /* protonTests.swift in Sources */,
			);
			runOnlyForDeploymentPostprocessing = 0;
		};
/* End PBXSourcesBuildPhase section */

/* Begin PBXTargetDependency section */
		93EF1AC51B4BC01800B1FC93 /* PBXTargetDependency */ = {
			isa = PBXTargetDependency;
			target = 93EF1AA91B4BC01800B1FC93 /* proton */;
			targetProxy = 93EF1AC41B4BC01800B1FC93 /* PBXContainerItemProxy */;
		};
/* End PBXTargetDependency section */

/* Begin PBXVariantGroup section */
		93EF1AB71B4BC01800B1FC93 /* Main.storyboard */ = {
			isa = PBXVariantGroup;
			children = (
				93EF1AB81B4BC01800B1FC93 /* Base */,
			);
			name = Main.storyboard;
			sourceTree = "<group>";
		};
		93EF1ABC1B4BC01800B1FC93 /* LaunchScreen.xib */ = {
			isa = PBXVariantGroup;
			children = (
				93EF1ABD1B4BC01800B1FC93 /* Base */,
			);
			name = LaunchScreen.xib;
			sourceTree = "<group>";
		};
/* End PBXVariantGroup section */

/* Begin XCBuildConfiguration section */
		93EF1ACB1B4BC01800B1FC93 /* Debug */ = {
			isa = XCBuildConfiguration;
			buildSettings = {
				ALWAYS_SEARCH_USER_PATHS = NO;
				CLANG_CXX_LANGUAGE_STANDARD = "gnu++0x";
				CLANG_CXX_LIBRARY = "libc++";
				CLANG_ENABLE_MODULES = YES;
				CLANG_ENABLE_OBJC_ARC = YES;
				CLANG_WARN_BOOL_CONVERSION = YES;
				CLANG_WARN_CONSTANT_CONVERSION = YES;
				CLANG_WARN_DIRECT_OBJC_ISA_USAGE = YES_ERROR;
				CLANG_WARN_EMPTY_BODY = YES;
				CLANG_WARN_ENUM_CONVERSION = YES;
				CLANG_WARN_INT_CONVERSION = YES;
				CLANG_WARN_OBJC_ROOT_CLASS = YES_ERROR;
				CLANG_WARN_UNREACHABLE_CODE = YES;
				CLANG_WARN__DUPLICATE_METHOD_MATCH = YES;
				"CODE_SIGN_IDENTITY[sdk=iphoneos*]" = "iPhone Developer";
				COPY_PHASE_STRIP = NO;
				DEBUG_INFORMATION_FORMAT = "dwarf-with-dsym";
				ENABLE_STRICT_OBJC_MSGSEND = YES;
				GCC_C_LANGUAGE_STANDARD = gnu99;
				GCC_DYNAMIC_NO_PIC = NO;
				GCC_NO_COMMON_BLOCKS = YES;
				GCC_OPTIMIZATION_LEVEL = 0;
				GCC_PREPROCESSOR_DEFINITIONS = (
					"DEBUG=1",
					"$(inherited)",
				);
				GCC_SYMBOLS_PRIVATE_EXTERN = NO;
				GCC_WARN_64_TO_32_BIT_CONVERSION = YES;
				GCC_WARN_ABOUT_RETURN_TYPE = YES_ERROR;
				GCC_WARN_UNDECLARED_SELECTOR = YES;
				GCC_WARN_UNINITIALIZED_AUTOS = YES_AGGRESSIVE;
				GCC_WARN_UNUSED_FUNCTION = YES;
				GCC_WARN_UNUSED_VARIABLE = YES;
				IPHONEOS_DEPLOYMENT_TARGET = 8.4;
				MTL_ENABLE_DEBUG_INFO = YES;
				ONLY_ACTIVE_ARCH = YES;
				SDKROOT = iphoneos;
				SWIFT_OPTIMIZATION_LEVEL = "-Onone";
			};
			name = Debug;
		};
		93EF1ACC1B4BC01800B1FC93 /* Release */ = {
			isa = XCBuildConfiguration;
			buildSettings = {
				ALWAYS_SEARCH_USER_PATHS = NO;
				CLANG_CXX_LANGUAGE_STANDARD = "gnu++0x";
				CLANG_CXX_LIBRARY = "libc++";
				CLANG_ENABLE_MODULES = YES;
				CLANG_ENABLE_OBJC_ARC = YES;
				CLANG_WARN_BOOL_CONVERSION = YES;
				CLANG_WARN_CONSTANT_CONVERSION = YES;
				CLANG_WARN_DIRECT_OBJC_ISA_USAGE = YES_ERROR;
				CLANG_WARN_EMPTY_BODY = YES;
				CLANG_WARN_ENUM_CONVERSION = YES;
				CLANG_WARN_INT_CONVERSION = YES;
				CLANG_WARN_OBJC_ROOT_CLASS = YES_ERROR;
				CLANG_WARN_UNREACHABLE_CODE = YES;
				CLANG_WARN__DUPLICATE_METHOD_MATCH = YES;
				"CODE_SIGN_IDENTITY[sdk=iphoneos*]" = "iPhone Developer";
				COPY_PHASE_STRIP = NO;
				DEBUG_INFORMATION_FORMAT = "dwarf-with-dsym";
				ENABLE_NS_ASSERTIONS = NO;
				ENABLE_STRICT_OBJC_MSGSEND = YES;
				GCC_C_LANGUAGE_STANDARD = gnu99;
				GCC_NO_COMMON_BLOCKS = YES;
				GCC_WARN_64_TO_32_BIT_CONVERSION = YES;
				GCC_WARN_ABOUT_RETURN_TYPE = YES_ERROR;
				GCC_WARN_UNDECLARED_SELECTOR = YES;
				GCC_WARN_UNINITIALIZED_AUTOS = YES_AGGRESSIVE;
				GCC_WARN_UNUSED_FUNCTION = YES;
				GCC_WARN_UNUSED_VARIABLE = YES;
				IPHONEOS_DEPLOYMENT_TARGET = 8.4;
				MTL_ENABLE_DEBUG_INFO = NO;
				SDKROOT = iphoneos;
				VALIDATE_PRODUCT = YES;
			};
			name = Release;
		};
		93EF1ACE1B4BC01800B1FC93 /* Debug */ = {
			isa = XCBuildConfiguration;
			buildSettings = {
				ASSETCATALOG_COMPILER_APPICON_NAME = AppIcon;
				INFOPLIST_FILE = proton/Info.plist;
				LD_RUNPATH_SEARCH_PATHS = "$(inherited) @executable_path/Frameworks";
				PRODUCT_NAME = "$(TARGET_NAME)";
			};
			name = Debug;
		};
		93EF1ACF1B4BC01800B1FC93 /* Release */ = {
			isa = XCBuildConfiguration;
			buildSettings = {
				ASSETCATALOG_COMPILER_APPICON_NAME = AppIcon;
				INFOPLIST_FILE = proton/Info.plist;
				LD_RUNPATH_SEARCH_PATHS = "$(inherited) @executable_path/Frameworks";
				PRODUCT_NAME = "$(TARGET_NAME)";
			};
			name = Release;
		};
		93EF1AD11B4BC01800B1FC93 /* Debug */ = {
			isa = XCBuildConfiguration;
			buildSettings = {
				BUNDLE_LOADER = "$(TEST_HOST)";
				FRAMEWORK_SEARCH_PATHS = (
					"$(SDKROOT)/Developer/Library/Frameworks",
					"$(inherited)",
				);
				GCC_PREPROCESSOR_DEFINITIONS = (
					"DEBUG=1",
					"$(inherited)",
				);
				INFOPLIST_FILE = protonTests/Info.plist;
				LD_RUNPATH_SEARCH_PATHS = "$(inherited) @executable_path/Frameworks @loader_path/Frameworks";
				PRODUCT_NAME = "$(TARGET_NAME)";
				TEST_HOST = "$(BUILT_PRODUCTS_DIR)/proton.app/proton";
			};
			name = Debug;
		};
		93EF1AD21B4BC01800B1FC93 /* Release */ = {
			isa = XCBuildConfiguration;
			buildSettings = {
				BUNDLE_LOADER = "$(TEST_HOST)";
				FRAMEWORK_SEARCH_PATHS = (
					"$(SDKROOT)/Developer/Library/Frameworks",
					"$(inherited)",
				);
				INFOPLIST_FILE = protonTests/Info.plist;
				LD_RUNPATH_SEARCH_PATHS = "$(inherited) @executable_path/Frameworks @loader_path/Frameworks";
				PRODUCT_NAME = "$(TARGET_NAME)";
				TEST_HOST = "$(BUILT_PRODUCTS_DIR)/proton.app/proton";
			};
			name = Release;
		};
/* End XCBuildConfiguration section */

/* Begin XCConfigurationList section */
		93EF1AA51B4BC01800B1FC93 /* Build configuration list for PBXProject "proton" */ = {
			isa = XCConfigurationList;
			buildConfigurations = (
				93EF1ACB1B4BC01800B1FC93 /* Debug */,
				93EF1ACC1B4BC01800B1FC93 /* Release */,
			);
			defaultConfigurationIsVisible = 0;
			defaultConfigurationName = Release;
		};
		93EF1ACD1B4BC01800B1FC93 /* Build configuration list for PBXNativeTarget "proton" */ = {
			isa = XCConfigurationList;
			buildConfigurations = (
				93EF1ACE1B4BC01800B1FC93 /* Debug */,
				93EF1ACF1B4BC01800B1FC93 /* Release */,
			);
			defaultConfigurationIsVisible = 0;
			defaultConfigurationName = Release;
		};
		93EF1AD01B4BC01800B1FC93 /* Build configuration list for PBXNativeTarget "protonTests" */ = {
			isa = XCConfigurationList;
			buildConfigurations = (
				93EF1AD11B4BC01800B1FC93 /* Debug */,
				93EF1AD21B4BC01800B1FC93 /* Release */,
			);
			defaultConfigurationIsVisible = 0;
			defaultConfigurationName = Release;
		};
/* End XCConfigurationList section */
	};
	rootObject = 93EF1AA21B4BC01800B1FC93 /* Project object */;
}
